PODS:
  - MASFoundation (1.6.10)
  - MASUI (1.6.10):
    - MASFoundation (= 1.6.10)

DEPENDENCIES:
  - MASFoundation (~> 1.6.10)
  - MASUI (~> 1.6.10)

SPEC CHECKSUMS:
  MASFoundation: 9326de158a2cac31032406b71465d99c50c4751a
  MASUI: ed6d1720e2d05848d83f251964d9f5b84c480702

PODFILE CHECKSUM: 1c46c7411507272e95e49d284005f9659a05bd0b

COCOAPODS: 1.4.0
