PODS:
  - MASFoundation (1.7.10)
  - MASUI (1.7.10):
    - MASFoundation (= 1.7.10)

DEPENDENCIES:
  - MASFoundation (~> 1.7.10)
  - MASUI (~> 1.7.10)

SPEC REPOS:
  https://github.com/cocoapods/specs.git:
    - MASFoundation
    - MASUI

SPEC CHECKSUMS:
  MASFoundation: bb85d3b2b5b16207cf459cda9617c4fd68ed13ac
  MASUI: 23f83ba5c530b9aca4c425bc66d07e41f9cecfe5

PODFILE CHECKSUM: 3b20921129a092e539e2427aeea80b6d4b9101bc

COCOAPODS: 1.5.3
