PODS:
  - MASFoundation (1.8.00)
  - MASUI (1.8.00):
    - MASFoundation (= 1.8.00)

DEPENDENCIES:
  - MASFoundation (~> 1.8.00)
  - MASUI (~> 1.8.00)

SPEC REPOS:
  https://github.com/cocoapods/specs.git:
    - MASFoundation
    - MASUI

SPEC CHECKSUMS:
  MASFoundation: a9ca44f997ec5ad7b5efeafc2f1d7e0ecb234ee8
  MASUI: 7eddd90d652a312a6a31924c0f080cc654bcffe7

PODFILE CHECKSUM: f8455caa2a5df3e72870cce82b38adee168351af

COCOAPODS: 1.5.3
